
Microsoft Visual Studio Solution File, Format Version 12.00
# Visual Studio 2012
Project("{FAE04EC0-301F-11D3-BF4B-00C04F79EFBC}") = "WidgetsDemoCodeTest", "WidgetsDemoCodeTest\WidgetsDemoCodeTest.csproj", "{FA783202-EC38-4706-BF9B-0437C7266460}"
EndProject
Project("{FAE04EC0-301F-11D3-BF4B-00C04F79EFBC}") = "WidgetsDemoCodeTest.Tests", "WidgetsDemoCodeTest\WidgetsDemoCodeTest.Tests\WidgetsDemoCodeTest.Tests.csproj", "{73580C0E-CB9E-4065-882E-BA40D154CF56}"
EndProject
Global
	GlobalSection(SolutionConfigurationPlatforms) = preSolution
		Debug|Any CPU = Debug|Any CPU
		Release|Any CPU = Release|Any CPU
	EndGlobalSection
	GlobalSection(ProjectConfigurationPlatforms) = postSolution
		{FA783202-EC38-4706-BF9B-0437C7266460}.Debug|Any CPU.ActiveCfg = Debug|Any CPU
		{FA783202-EC38-4706-BF9B-0437C7266460}.Debug|Any CPU.Build.0 = Debug|Any CPU
		{FA783202-EC38-4706-BF9B-0437C7266460}.Release|Any CPU.ActiveCfg = Release|Any CPU
		{FA783202-EC38-4706-BF9B-0437C7266460}.Release|Any CPU.Build.0 = Release|Any CPU
		{73580C0E-CB9E-4065-882E-BA40D154CF56}.Debug|Any CPU.ActiveCfg = Debug|Any CPU
		{73580C0E-CB9E-4065-882E-BA40D154CF56}.Debug|Any CPU.Build.0 = Debug|Any CPU
		{73580C0E-CB9E-4065-882E-BA40D154CF56}.Release|Any CPU.ActiveCfg = Release|Any CPU
		{73580C0E-CB9E-4065-882E-BA40D154CF56}.Release|Any CPU.Build.0 = Release|Any CPU
	EndGlobalSection
	GlobalSection(SolutionProperties) = preSolution
		HideSolutionNode = FALSE
	EndGlobalSection
EndGlobal
